// !$*UTF8*$!
{
	archiveVersion = 1;
	classes = {
	};
	objectVersion = 50;
	objects = {

/* Begin PBXBuildFile section */
		C1B5A25C23D42ACF00C3C711 /* AppDelegate.swift in Sources */ = {isa = PBXBuildFile; fileRef = C1B5A25B23D42ACF00C3C711 /* AppDelegate.swift */; };
		C1B5A25E23D42ACF00C3C711 /* ViewController.swift in Sources */ = {isa = PBXBuildFile; fileRef = C1B5A25D23D42ACF00C3C711 /* ViewController.swift */; };
		C1B5A26123D42ACF00C3C711 /* Main.storyboard in Resources */ = {isa = PBXBuildFile; fileRef = C1B5A25F23D42ACF00C3C711 /* Main.storyboard */; };
		C1B5A26423D42ACF00C3C711 /* Example.xcdatamodeld in Sources */ = {isa = PBXBuildFile; fileRef = C1B5A26223D42ACF00C3C711 /* Example.xcdatamodeld */; };
		C1B5A26623D42AD100C3C711 /* Assets.xcassets in Resources */ = {isa = PBXBuildFile; fileRef = C1B5A26523D42AD100C3C711 /* Assets.xcassets */; };
		C1B5A26923D42AD100C3C711 /* LaunchScreen.storyboard in Resources */ = {isa = PBXBuildFile; fileRef = C1B5A26723D42AD100C3C711 /* LaunchScreen.storyboard */; };
		C1B5A27423D42AD100C3C711 /* ExampleTests.swift in Sources */ = {isa = PBXBuildFile; fileRef = C1B5A27323D42AD100C3C711 /* ExampleTests.swift */; };
		C1B5A27F23D42AD100C3C711 /* ExampleUITests.swift in Sources */ = {isa = PBXBuildFile; fileRef = C1B5A27E23D42AD100C3C711 /* ExampleUITests.swift */; };
/* End PBXBuildFile section */

/* Begin PBXContainerItemProxy section */
		C1B5A27023D42AD100C3C711 /* PBXContainerItemProxy */ = {
			isa = PBXContainerItemProxy;
			containerPortal = C1B5A25023D42ACF00C3C711 /* Project object */;
			proxyType = 1;
			remoteGlobalIDString = C1B5A25723D42ACF00C3C711;
			remoteInfo = Example;
		};
		C1B5A27B23D42AD100C3C711 /* PBXContainerItemProxy */ = {
			isa = PBXContainerItemProxy;
			containerPortal = C1B5A25023D42ACF00C3C711 /* Project object */;
			proxyType = 1;
			remoteGlobalIDString = C1B5A25723D42ACF00C3C711;
			remoteInfo = Example;
		};
/* End PBXContainerItemProxy section */

/* Begin PBXFileReference section */
		C1B5A25823D42ACF00C3C711 /* Example.app */ = {isa = PBXFileReference; explicitFileType = wrapper.application; includeInIndex = 0; path = Example.app; sourceTree = BUILT_PRODUCTS_DIR; };
		C1B5A25B23D42ACF00C3C711 /* AppDelegate.swift */ = {isa = PBXFileReference; lastKnownFileType = sourcecode.swift; path = AppDelegate.swift; sourceTree = "<group>"; };
		C1B5A25D23D42ACF00C3C711 /* ViewController.swift */ = {isa = PBXFileReference; lastKnownFileType = sourcecode.swift; path = ViewController.swift; sourceTree = "<group>"; };
		C1B5A26023D42ACF00C3C711 /* Base */ = {isa = PBXFileReference; lastKnownFileType = file.storyboard; name = Base; path = Base.lproj/Main.storyboard; sourceTree = "<group>"; };
		C1B5A26323D42ACF00C3C711 /* Example.xcdatamodel */ = {isa = PBXFileReference; lastKnownFileType = wrapper.xcdatamodel; path = Example.xcdatamodel; sourceTree = "<group>"; };
		C1B5A26523D42AD100C3C711 /* Assets.xcassets */ = {isa = PBXFileReference; lastKnownFileType = folder.assetcatalog; path = Assets.xcassets; sourceTree = "<group>"; };
		C1B5A26823D42AD100C3C711 /* Base */ = {isa = PBXFileReference; lastKnownFileType = file.storyboard; name = Base; path = Base.lproj/LaunchScreen.storyboard; sourceTree = "<group>"; };
		C1B5A26A23D42AD100C3C711 /* Info.plist */ = {isa = PBXFileReference; lastKnownFileType = text.plist.xml; path = Info.plist; sourceTree = "<group>"; };
		C1B5A26F23D42AD100C3C711 /* ExampleTests.xctest */ = {isa = PBXFileReference; explicitFileType = wrapper.cfbundle; includeInIndex = 0; path = ExampleTests.xctest; sourceTree = BUILT_PRODUCTS_DIR; };
		C1B5A27323D42AD100C3C711 /* ExampleTests.swift */ = {isa = PBXFileReference; lastKnownFileType = sourcecode.swift; path = ExampleTests.swift; sourceTree = "<group>"; };
		C1B5A27523D42AD100C3C711 /* Info.plist */ = {isa = PBXFileReference; lastKnownFileType = text.plist.xml; path = Info.plist; sourceTree = "<group>"; };
		C1B5A27A23D42AD100C3C711 /* ExampleUITests.xctest */ = {isa = PBXFileReference; explicitFileType = wrapper.cfbundle; includeInIndex = 0; path = ExampleUITests.xctest; sourceTree = BUILT_PRODUCTS_DIR; };
		C1B5A27E23D42AD100C3C711 /* ExampleUITests.swift */ = {isa = PBXFileReference; lastKnownFileType = sourcecode.swift; path = ExampleUITests.swift; sourceTree = "<group>"; };
		C1B5A28023D42AD100C3C711 /* Info.plist */ = {isa = PBXFileReference; lastKnownFileType = text.plist.xml; path = Info.plist; sourceTree = "<group>"; };
/* End PBXFileReference section */

/* Begin PBXFrameworksBuildPhase section */
		C1B5A25523D42ACF00C3C711 /* Frameworks */ = {
			isa = PBXFrameworksBuildPhase;
			buildActionMask = 2147483647;
			files = (
			);
			runOnlyForDeploymentPostprocessing = 0;
		};
		C1B5A26C23D42AD100C3C711 /* Frameworks */ = {
			isa = PBXFrameworksBuildPhase;
			buildActionMask = 2147483647;
			files = (
			);
			runOnlyForDeploymentPostprocessing = 0;
		};
		C1B5A27723D42AD100C3C711 /* Frameworks */ = {
			isa = PBXFrameworksBuildPhase;
			buildActionMask = 2147483647;
			files = (
			);
			runOnlyForDeploymentPostprocessing = 0;
		};
/* End PBXFrameworksBuildPhase section */

/* Begin PBXGroup section */
		C1B5A24F23D42ACF00C3C711 = {
			isa = PBXGroup;
			children = (
				C1B5A25A23D42ACF00C3C711 /* Example */,
				C1B5A27223D42AD100C3C711 /* ExampleTests */,
				C1B5A27D23D42AD100C3C711 /* ExampleUITests */,
				C1B5A25923D42ACF00C3C711 /* Products */,
			);
			sourceTree = "<group>";
		};
		C1B5A25923D42ACF00C3C711 /* Products */ = {
			isa = PBXGroup;
			children = (
				C1B5A25823D42ACF00C3C711 /* Example.app */,
				C1B5A26F23D42AD100C3C711 /* ExampleTests.xctest */,
				C1B5A27A23D42AD100C3C711 /* ExampleUITests.xctest */,
			);
			name = Products;
			sourceTree = "<group>";
		};
		C1B5A25A23D42ACF00C3C711 /* Example */ = {
			isa = PBXGroup;
			children = (
				C1B5A25B23D42ACF00C3C711 /* AppDelegate.swift */,
				C1B5A25D23D42ACF00C3C711 /* ViewController.swift */,
				C1B5A25F23D42ACF00C3C711 /* Main.storyboard */,
				C1B5A26523D42AD100C3C711 /* Assets.xcassets */,
				C1B5A26723D42AD100C3C711 /* LaunchScreen.storyboard */,
				C1B5A26A23D42AD100C3C711 /* Info.plist */,
				C1B5A26223D42ACF00C3C711 /* Example.xcdatamodeld */,
			);
			path = Example;
			sourceTree = "<group>";
		};
		C1B5A27223D42AD100C3C711 /* ExampleTests */ = {
			isa = PBXGroup;
			children = (
				C1B5A27323D42AD100C3C711 /* ExampleTests.swift */,
				C1B5A27523D42AD100C3C711 /* Info.plist */,
			);
			path = ExampleTests;
			sourceTree = "<group>";
		};
		C1B5A27D23D42AD100C3C711 /* ExampleUITests */ = {
			isa = PBXGroup;
			children = (
				C1B5A27E23D42AD100C3C711 /* ExampleUITests.swift */,
				C1B5A28023D42AD100C3C711 /* Info.plist */,
			);
			path = ExampleUITests;
			sourceTree = "<group>";
		};
/* End PBXGroup section */

/* Begin PBXNativeTarget section */
		C1B5A25723D42ACF00C3C711 /* Example */ = {
			isa = PBXNativeTarget;
			buildConfigurationList = C1B5A28323D42AD100C3C711 /* Build configuration list for PBXNativeTarget "Example" */;
			buildPhases = (
				C1B5A25423D42ACF00C3C711 /* Sources */,
				C1B5A25523D42ACF00C3C711 /* Frameworks */,
				C1B5A25623D42ACF00C3C711 /* Resources */,
			);
			buildRules = (
			);
			dependencies = (
			);
			name = Example;
			productName = Example;
			productReference = C1B5A25823D42ACF00C3C711 /* Example.app */;
			productType = "com.apple.product-type.application";
		};
		C1B5A26E23D42AD100C3C711 /* ExampleTests */ = {
			isa = PBXNativeTarget;
			buildConfigurationList = C1B5A28623D42AD100C3C711 /* Build configuration list for PBXNativeTarget "ExampleTests" */;
			buildPhases = (
				C1B5A26B23D42AD100C3C711 /* Sources */,
				C1B5A26C23D42AD100C3C711 /* Frameworks */,
				C1B5A26D23D42AD100C3C711 /* Resources */,
			);
			buildRules = (
			);
			dependencies = (
				C1B5A27123D42AD100C3C711 /* PBXTargetDependency */,
			);
			name = ExampleTests;
			productName = ExampleTests;
			productReference = C1B5A26F23D42AD100C3C711 /* ExampleTests.xctest */;
			productType = "com.apple.product-type.bundle.unit-test";
		};
		C1B5A27923D42AD100C3C711 /* ExampleUITests */ = {
			isa = PBXNativeTarget;
			buildConfigurationList = C1B5A28923D42AD100C3C711 /* Build configuration list for PBXNativeTarget "ExampleUITests" */;
			buildPhases = (
				C1B5A27623D42AD100C3C711 /* Sources */,
				C1B5A27723D42AD100C3C711 /* Frameworks */,
				C1B5A27823D42AD100C3C711 /* Resources */,
			);
			buildRules = (
			);
			dependencies = (
				C1B5A27C23D42AD100C3C711 /* PBXTargetDependency */,
			);
			name = ExampleUITests;
			productName = ExampleUITests;
			productReference = C1B5A27A23D42AD100C3C711 /* ExampleUITests.xctest */;
			productType = "com.apple.product-type.bundle.ui-testing";
		};
/* End PBXNativeTarget section */

/* Begin PBXProject section */
		C1B5A25023D42ACF00C3C711 /* Project object */ = {
			isa = PBXProject;
			attributes = {
				LastSwiftUpdateCheck = 1020;
				LastUpgradeCheck = 1020;
				ORGANIZATIONNAME = "Vipul Kumar";
				TargetAttributes = {
					C1B5A25723D42ACF00C3C711 = {
						CreatedOnToolsVersion = 10.2.1;
					};
					C1B5A26E23D42AD100C3C711 = {
						CreatedOnToolsVersion = 10.2.1;
						TestTargetID = C1B5A25723D42ACF00C3C711;
					};
					C1B5A27923D42AD100C3C711 = {
						CreatedOnToolsVersion = 10.2.1;
						TestTargetID = C1B5A25723D42ACF00C3C711;
					};
				};
			};
			buildConfigurationList = C1B5A25323D42ACF00C3C711 /* Build configuration list for PBXProject "Example" */;
			compatibilityVersion = "Xcode 9.3";
			developmentRegion = en;
			hasScannedForEncodings = 0;
			knownRegions = (
				en,
				Base,
			);
			mainGroup = C1B5A24F23D42ACF00C3C711;
			productRefGroup = C1B5A25923D42ACF00C3C711 /* Products */;
			projectDirPath = "";
			projectRoot = "";
			targets = (
				C1B5A25723D42ACF00C3C711 /* Example */,
				C1B5A26E23D42AD100C3C711 /* ExampleTests */,
				C1B5A27923D42AD100C3C711 /* ExampleUITests */,
			);
		};
/* End PBXProject section */

/* Begin PBXResourcesBuildPhase section */
		C1B5A25623D42ACF00C3C711 /* Resources */ = {
			isa = PBXResourcesBuildPhase;
			buildActionMask = 2147483647;
			files = (
				C1B5A26923D42AD100C3C711 /* LaunchScreen.storyboard in Resources */,
				C1B5A26623D42AD100C3C711 /* Assets.xcassets in Resources */,
				C1B5A26123D42ACF00C3C711 /* Main.storyboard in Resources */,
			);
			runOnlyForDeploymentPostprocessing = 0;
		};
		C1B5A26D23D42AD100C3C711 /* Resources */ = {
			isa = PBXResourcesBuildPhase;
			buildActionMask = 2147483647;
			files = (
			);
			runOnlyForDeploymentPostprocessing = 0;
		};
		C1B5A27823D42AD100C3C711 /* Resources */ = {
			isa = PBXResourcesBuildPhase;
			buildActionMask = 2147483647;
			files = (
			);
			runOnlyForDeploymentPostprocessing = 0;
		};
/* End PBXResourcesBuildPhase section */

/* Begin PBXSourcesBuildPhase section */
		C1B5A25423D42ACF00C3C711 /* Sources */ = {
			isa = PBXSourcesBuildPhase;
			buildActionMask = 2147483647;
			files = (
				C1B5A25E23D42ACF00C3C711 /* ViewController.swift in Sources */,
				C1B5A26423D42ACF00C3C711 /* Example.xcdatamodeld in Sources */,
				C1B5A25C23D42ACF00C3C711 /* AppDelegate.swift in Sources */,
			);
			runOnlyForDeploymentPostprocessing = 0;
		};
		C1B5A26B23D42AD100C3C711 /* Sources */ = {
			isa = PBXSourcesBuildPhase;
			buildActionMask = 2147483647;
			files = (
				C1B5A27423D42AD100C3C711 /* ExampleTests.swift in Sources */,
			);
			runOnlyForDeploymentPostprocessing = 0;
		};
		C1B5A27623D42AD100C3C711 /* Sources */ = {
			isa = PBXSourcesBuildPhase;
			buildActionMask = 2147483647;
			files = (
				C1B5A27F23D42AD100C3C711 /* ExampleUITests.swift in Sources */,
			);
			runOnlyForDeploymentPostprocessing = 0;
		};
/* End PBXSourcesBuildPhase section */

/* Begin PBXTargetDependency section */
		C1B5A27123D42AD100C3C711 /* PBXTargetDependency */ = {
			isa = PBXTargetDependency;
			target = C1B5A25723D42ACF00C3C711 /* Example */;
			targetProxy = C1B5A27023D42AD100C3C711 /* PBXContainerItemProxy */;
		};
		C1B5A27C23D42AD100C3C711 /* PBXTargetDependency */ = {
			isa = PBXTargetDependency;
			target = C1B5A25723D42ACF00C3C711 /* Example */;
			targetProxy = C1B5A27B23D42AD100C3C711 /* PBXContainerItemProxy */;
		};
/* End PBXTargetDependency section */

/* Begin PBXVariantGroup section */
		C1B5A25F23D42ACF00C3C711 /* Main.storyboard */ = {
			isa = PBXVariantGroup;
			children = (
				C1B5A26023D42ACF00C3C711 /* Base */,
			);
			name = Main.storyboard;
			sourceTree = "<group>";
		};
		C1B5A26723D42AD100C3C711 /* LaunchScreen.storyboard */ = {
			isa = PBXVariantGroup;
			children = (
				C1B5A26823D42AD100C3C711 /* Base */,
			);
			name = LaunchScreen.storyboard;
			sourceTree = "<group>";
		};
/* End PBXVariantGroup section */

/* Begin XCBuildConfiguration section */
		C1B5A28123D42AD100C3C711 /* Debug */ = {
			isa = XCBuildConfiguration;
			buildSettings = {
				ALWAYS_SEARCH_USER_PATHS = NO;
				CLANG_ANALYZER_NONNULL = YES;
				CLANG_ANALYZER_NUMBER_OBJECT_CONVERSION = YES_AGGRESSIVE;
				CLANG_CXX_LANGUAGE_STANDARD = "gnu++14";
				CLANG_CXX_LIBRARY = "libc++";
				CLANG_ENABLE_MODULES = YES;
				CLANG_ENABLE_OBJC_ARC = YES;
				CLANG_ENABLE_OBJC_WEAK = YES;
				CLANG_WARN_BLOCK_CAPTURE_AUTORELEASING = YES;
				CLANG_WARN_BOOL_CONVERSION = YES;
				CLANG_WARN_COMMA = YES;
				CLANG_WARN_CONSTANT_CONVERSION = YES;
				CLANG_WARN_DEPRECATED_OBJC_IMPLEMENTATIONS = YES;
				CLANG_WARN_DIRECT_OBJC_ISA_USAGE = YES_ERROR;
				CLANG_WARN_DOCUMENTATION_COMMENTS = YES;
				CLANG_WARN_EMPTY_BODY = YES;
				CLANG_WARN_ENUM_CONVERSION = YES;
				CLANG_WARN_INFINITE_RECURSION = YES;
				CLANG_WARN_INT_CONVERSION = YES;
				CLANG_WARN_NON_LITERAL_NULL_CONVERSION = YES;
				CLANG_WARN_OBJC_IMPLICIT_RETAIN_SELF = YES;
				CLANG_WARN_OBJC_LITERAL_CONVERSION = YES;
				CLANG_WARN_OBJC_ROOT_CLASS = YES_ERROR;
				CLANG_WARN_RANGE_LOOP_ANALYSIS = YES;
				CLANG_WARN_STRICT_PROTOTYPES = YES;
				CLANG_WARN_SUSPICIOUS_MOVE = YES;
				CLANG_WARN_UNGUARDED_AVAILABILITY = YES_AGGRESSIVE;
				CLANG_WARN_UNREACHABLE_CODE = YES;
				CLANG_WARN__DUPLICATE_METHOD_MATCH = YES;
				CODE_SIGN_IDENTITY = "iPhone Developer";
				COPY_PHASE_STRIP = NO;
				DEBUG_INFORMATION_FORMAT = dwarf;
				ENABLE_STRICT_OBJC_MSGSEND = YES;
				ENABLE_TESTABILITY = YES;
				GCC_C_LANGUAGE_STANDARD = gnu11;
				GCC_DYNAMIC_NO_PIC = NO;
				GCC_NO_COMMON_BLOCKS = YES;
				GCC_OPTIMIZATION_LEVEL = 0;
				GCC_PREPROCESSOR_DEFINITIONS = (
					"DEBUG=1",
					"$(inherited)",
				);
				GCC_WARN_64_TO_32_BIT_CONVERSION = YES;
				GCC_WARN_ABOUT_RETURN_TYPE = YES_ERROR;
				GCC_WARN_UNDECLARED_SELECTOR = YES;
				GCC_WARN_UNINITIALIZED_AUTOS = YES_AGGRESSIVE;
				GCC_WARN_UNUSED_FUNCTION = YES;
				GCC_WARN_UNUSED_VARIABLE = YES;
				IPHONEOS_DEPLOYMENT_TARGET = 12.2;
				MTL_ENABLE_DEBUG_INFO = INCLUDE_SOURCE;
				MTL_FAST_MATH = YES;
				ONLY_ACTIVE_ARCH = YES;
				SDKROOT = iphoneos;
				SWIFT_ACTIVE_COMPILATION_CONDITIONS = DEBUG;
				SWIFT_OPTIMIZATION_LEVEL = "-Onone";
			};
			name = Debug;
		};
		C1B5A28223D42AD100C3C711 /* Release */ = {
			isa = XCBuildConfiguration;
			buildSettings = {
				ALWAYS_SEARCH_USER_PATHS = NO;
				CLANG_ANALYZER_NONNULL = YES;
				CLANG_ANALYZER_NUMBER_OBJECT_CONVERSION = YES_AGGRESSIVE;
				CLANG_CXX_LANGUAGE_STANDARD = "gnu++14";
				CLANG_CXX_LIBRARY = "libc++";
				CLANG_ENABLE_MODULES = YES;
				CLANG_ENABLE_OBJC_ARC = YES;
				CLANG_ENABLE_OBJC_WEAK = YES;
				CLANG_WARN_BLOCK_CAPTURE_AUTORELEASING = YES;
				CLANG_WARN_BOOL_CONVERSION = YES;
				CLANG_WARN_COMMA = YES;
				CLANG_WARN_CONSTANT_CONVERSION = YES;
				CLANG_WARN_DEPRECATED_OBJC_IMPLEMENTATIONS = YES;
				CLANG_WARN_DIRECT_OBJC_ISA_USAGE = YES_ERROR;
				CLANG_WARN_DOCUMENTATION_COMMENTS = YES;
				CLANG_WARN_EMPTY_BODY = YES;
				CLANG_WARN_ENUM_CONVERSION = YES;
				CLANG_WARN_INFINITE_RECURSION = YES;
				CLANG_WARN_INT_CONVERSION = YES;
				CLANG_WARN_NON_LITERAL_NULL_CONVERSION = YES;
				CLANG_WARN_OBJC_IMPLICIT_RETAIN_SELF = YES;
				CLANG_WARN_OBJC_LITERAL_CONVERSION = YES;
				CLANG_WARN_OBJC_ROOT_CLASS = YES_ERROR;
				CLANG_WARN_RANGE_LOOP_ANALYSIS = YES;
				CLANG_WARN_STRICT_PROTOTYPES = YES;
				CLANG_WARN_SUSPICIOUS_MOVE = YES;
				CLANG_WARN_UNGUARDED_AVAILABILITY = YES_AGGRESSIVE;
				CLANG_WARN_UNREACHABLE_CODE = YES;
				CLANG_WARN__DUPLICATE_METHOD_MATCH = YES;
				CODE_SIGN_IDENTITY = "iPhone Developer";
				COPY_PHASE_STRIP = NO;
				DEBUG_INFORMATION_FORMAT = "dwarf-with-dsym";
				ENABLE_NS_ASSERTIONS = NO;
				ENABLE_STRICT_OBJC_MSGSEND = YES;
				GCC_C_LANGUAGE_STANDARD = gnu11;
				GCC_NO_COMMON_BLOCKS = YES;
				GCC_WARN_64_TO_32_BIT_CONVERSION = YES;
				GCC_WARN_ABOUT_RETURN_TYPE = YES_ERROR;
				GCC_WARN_UNDECLARED_SELECTOR = YES;
				GCC_WARN_UNINITIALIZED_AUTOS = YES_AGGRESSIVE;
				GCC_WARN_UNUSED_FUNCTION = YES;
				GCC_WARN_UNUSED_VARIABLE = YES;
				IPHONEOS_DEPLOYMENT_TARGET = 12.2;
				MTL_ENABLE_DEBUG_INFO = NO;
				MTL_FAST_MATH = YES;
				SDKROOT = iphoneos;
				SWIFT_COMPILATION_MODE = wholemodule;
				SWIFT_OPTIMIZATION_LEVEL = "-O";
				VALIDATE_PRODUCT = YES;
			};
			name = Release;
		};
		C1B5A28423D42AD100C3C711 /* Debug */ = {
			isa = XCBuildConfiguration;
			buildSettings = {
				ASSETCATALOG_COMPILER_APPICON_NAME = AppIcon;
				CODE_SIGN_STYLE = Automatic;
				DEVELOPMENT_TEAM = 22XL77RNA5;
				INFOPLIST_FILE = Example/Info.plist;
				IPHONEOS_DEPLOYMENT_TARGET = 10.0;
				LD_RUNPATH_SEARCH_PATHS = (
					"$(inherited)",
					"@executable_path/Frameworks",
				);
				PRODUCT_BUNDLE_IDENTIFIER = com.vs.Example;
				PRODUCT_NAME = "$(TARGET_NAME)";
				SWIFT_VERSION = 5.0;
				TARGETED_DEVICE_FAMILY = "1,2";
			};
			name = Debug;
		};
		C1B5A28523D42AD100C3C711 /* Release */ = {
			isa = XCBuildConfiguration;
			buildSettings = {
				ASSETCATALOG_COMPILER_APPICON_NAME = AppIcon;
				CODE_SIGN_STYLE = Automatic;
				DEVELOPMENT_TEAM = 22XL77RNA5;
				INFOPLIST_FILE = Example/Info.plist;
				IPHONEOS_DEPLOYMENT_TARGET = 10.0;
				LD_RUNPATH_SEARCH_PATHS = (
					"$(inherited)",
					"@executable_path/Frameworks",
				);
				PRODUCT_BUNDLE_IDENTIFIER = com.vs.Example;
				PRODUCT_NAME = "$(TARGET_NAME)";
				SWIFT_VERSION = 5.0;
				TARGETED_DEVICE_FAMILY = "1,2";
			};
			name = Release;
		};
		C1B5A28723D42AD100C3C711 /* Debug */ = {
			isa = XCBuildConfiguration;
			buildSettings = {
				ALWAYS_EMBED_SWIFT_STANDARD_LIBRARIES = YES;
				BUNDLE_LOADER = "$(TEST_HOST)";
				CODE_SIGN_STYLE = Automatic;
				DEVELOPMENT_TEAM = 22XL77RNA5;
				INFOPLIST_FILE = ExampleTests/Info.plist;
				LD_RUNPATH_SEARCH_PATHS = (
					"$(inherited)",
					"@executable_path/Frameworks",
					"@loader_path/Frameworks",
				);
				PRODUCT_BUNDLE_IDENTIFIER = com.vs.ExampleTests;
				PRODUCT_NAME = "$(TARGET_NAME)";
				SWIFT_VERSION = 5.0;
				TARGETED_DEVICE_FAMILY = "1,2";
				TEST_HOST = "$(BUILT_PRODUCTS_DIR)/Example.app/Example";
			};
			name = Debug;
		};
		C1B5A28823D42AD100C3C711 /* Release */ = {
			isa = XCBuildConfiguration;
			buildSettings = {
				ALWAYS_EMBED_SWIFT_STANDARD_LIBRARIES = YES;
				BUNDLE_LOADER = "$(TEST_HOST)";
				CODE_SIGN_STYLE = Automatic;
				DEVELOPMENT_TEAM = 22XL77RNA5;
				INFOPLIST_FILE = ExampleTests/Info.plist;
				LD_RUNPATH_SEARCH_PATHS = (
					"$(inherited)",
					"@executable_path/Frameworks",
					"@loader_path/Frameworks",
				);
				PRODUCT_BUNDLE_IDENTIFIER = com.vs.ExampleTests;
				PRODUCT_NAME = "$(TARGET_NAME)";
				SWIFT_VERSION = 5.0;
				TARGETED_DEVICE_FAMILY = "1,2";
				TEST_HOST = "$(BUILT_PRODUCTS_DIR)/Example.app/Example";
			};
			name = Release;
		};
		C1B5A28A23D42AD100C3C711 /* Debug */ = {
			isa = XCBuildConfiguration;
			buildSettings = {
				ALWAYS_EMBED_SWIFT_STANDARD_LIBRARIES = YES;
				CODE_SIGN_STYLE = Automatic;
				DEVELOPMENT_TEAM = 22XL77RNA5;
				INFOPLIST_FILE = ExampleUITests/Info.plist;
				LD_RUNPATH_SEARCH_PATHS = (
					"$(inherited)",
					"@executable_path/Frameworks",
					"@loader_path/Frameworks",
				);
				PRODUCT_BUNDLE_IDENTIFIER = com.vs.ExampleUITests;
				PRODUCT_NAME = "$(TARGET_NAME)";
				SWIFT_VERSION = 5.0;
				TARGETED_DEVICE_FAMILY = "1,2";
				TEST_TARGET_NAME = Example;
			};
			name = Debug;
		};
		C1B5A28B23D42AD100C3C711 /* Release */ = {
			isa = XCBuildConfiguration;
			buildSettings = {
				ALWAYS_EMBED_SWIFT_STANDARD_LIBRARIES = YES;
				CODE_SIGN_STYLE = Automatic;
				DEVELOPMENT_TEAM = 22XL77RNA5;
				INFOPLIST_FILE = ExampleUITests/Info.plist;
				LD_RUNPATH_SEARCH_PATHS = (
					"$(inherited)",
					"@executable_path/Frameworks",
					"@loader_path/Frameworks",
				);
				PRODUCT_BUNDLE_IDENTIFIER = com.vs.ExampleUITests;
				PRODUCT_NAME = "$(TARGET_NAME)";
				SWIFT_VERSION = 5.0;
				TARGETED_DEVICE_FAMILY = "1,2";
				TEST_TARGET_NAME = Example;
			};
			name = Release;
		};
/* End XCBuildConfiguration section */

/* Begin XCConfigurationList section */
		C1B5A25323D42ACF00C3C711 /* Build configuration list for PBXProject "Example" */ = {
			isa = XCConfigurationList;
			buildConfigurations = (
				C1B5A28123D42AD100C3C711 /* Debug */,
				C1B5A28223D42AD100C3C711 /* Release */,
			);
			defaultConfigurationIsVisible = 0;
			defaultConfigurationName = Release;
		};
		C1B5A28323D42AD100C3C711 /* Build configuration list for PBXNativeTarget "Example" */ = {
			isa = XCConfigurationList;
			buildConfigurations = (
				C1B5A28423D42AD100C3C711 /* Debug */,
				C1B5A28523D42AD100C3C711 /* Release */,
			);
			defaultConfigurationIsVisible = 0;
			defaultConfigurationName = Release;
		};
		C1B5A28623D42AD100C3C711 /* Build configuration list for PBXNativeTarget "ExampleTests" */ = {
			isa = XCConfigurationList;
			buildConfigurations = (
				C1B5A28723D42AD100C3C711 /* Debug */,
				C1B5A28823D42AD100C3C711 /* Release */,
			);
			defaultConfigurationIsVisible = 0;
			defaultConfigurationName = Release;
		};
		C1B5A28923D42AD100C3C711 /* Build configuration list for PBXNativeTarget "ExampleUITests" */ = {
			isa = XCConfigurationList;
			buildConfigurations = (
				C1B5A28A23D42AD100C3C711 /* Debug */,
				C1B5A28B23D42AD100C3C711 /* Release */,
			);
			defaultConfigurationIsVisible = 0;
			defaultConfigurationName = Release;
		};
/* End XCConfigurationList section */

/* Begin XCVersionGroup section */
		C1B5A26223D42ACF00C3C711 /* Example.xcdatamodeld */ = {
			isa = XCVersionGroup;
			children = (
				C1B5A26323D42ACF00C3C711 /* Example.xcdatamodel */,
			);
			currentVersion = C1B5A26323D42ACF00C3C711 /* Example.xcdatamodel */;
			path = Example.xcdatamodeld;
			sourceTree = "<group>";
			versionGroupType = wrapper.xcdatamodel;
		};
/* End XCVersionGroup section */
	};
	rootObject = C1B5A25023D42ACF00C3C711 /* Project object */;
}
